
Microsoft Visual Studio Solution File, Format Version 12.00
# Visual Studio 15
VisualStudioVersion = 15.0.27703.2000
MinimumVisualStudioVersion = 10.0.40219.1
Project("{9A19103F-16F7-4668-BE54-9A1E7A4F7556}") = "PowerGenerator", "PowerGenerator\PowerGenerator.csproj", "{6B143C33-1D74-43C4-8249-E4D60CAE53D8}"
EndProject
Project("{FAE04EC0-301F-11D3-BF4B-00C04F79EFBC}") = "PowerGenerator.Tests", "PowerGenerator.Tests\PowerGenerator.Tests.csproj", "{DDF15EA9-1F2A-4635-AE6D-53CD1682033B}"
EndProject
Project("{FAE04EC0-301F-11D3-BF4B-00C04F79EFBC}") = "PowerGenerator.NTests", "PowerGenerator.NTests\PowerGenerator.NTests.csproj", "{4375AB43-2DF2-4D50-9763-BDB57D227C94}"
EndProject
Global
	GlobalSection(SolutionConfigurationPlatforms) = preSolution
		Debug|Any CPU = Debug|Any CPU
		Release|Any CPU = Release|Any CPU
	EndGlobalSection
	GlobalSection(ProjectConfigurationPlatforms) = postSolution
		{6B143C33-1D74-43C4-8249-E4D60CAE53D8}.Debug|Any CPU.ActiveCfg = Debug|Any CPU
		{6B143C33-1D74-43C4-8249-E4D60CAE53D8}.Debug|Any CPU.Build.0 = Debug|Any CPU
		{6B143C33-1D74-43C4-8249-E4D60CAE53D8}.Release|Any CPU.ActiveCfg = Release|Any CPU
		{6B143C33-1D74-43C4-8249-E4D60CAE53D8}.Release|Any CPU.Build.0 = Release|Any CPU
		{DDF15EA9-1F2A-4635-AE6D-53CD1682033B}.Debug|Any CPU.ActiveCfg = Debug|Any CPU
		{DDF15EA9-1F2A-4635-AE6D-53CD1682033B}.Debug|Any CPU.Build.0 = Debug|Any CPU
		{DDF15EA9-1F2A-4635-AE6D-53CD1682033B}.Release|Any CPU.ActiveCfg = Release|Any CPU
		{DDF15EA9-1F2A-4635-AE6D-53CD1682033B}.Release|Any CPU.Build.0 = Release|Any CPU
		{4375AB43-2DF2-4D50-9763-BDB57D227C94}.Debug|Any CPU.ActiveCfg = Debug|Any CPU
		{4375AB43-2DF2-4D50-9763-BDB57D227C94}.Debug|Any CPU.Build.0 = Debug|Any CPU
		{4375AB43-2DF2-4D50-9763-BDB57D227C94}.Release|Any CPU.ActiveCfg = Release|Any CPU
		{4375AB43-2DF2-4D50-9763-BDB57D227C94}.Release|Any CPU.Build.0 = Release|Any CPU
	EndGlobalSection
	GlobalSection(SolutionProperties) = preSolution
		HideSolutionNode = FALSE
	EndGlobalSection
	GlobalSection(ExtensibilityGlobals) = postSolution
		SolutionGuid = {2D9AED4C-908C-4A79-8109-C676B687074C}
	EndGlobalSection
EndGlobal
